
Microsoft Visual Studio Solution File, Format Version 12.00
# Visual Studio Version 16
VisualStudioVersion = 16.0.29926.136
MinimumVisualStudioVersion = 10.0.40219.1
Project("{2150E333-8FDC-42A3-9474-1A3956D46DE8}") = "00.Main", "00.Main", "{BC787A0E-4CBE-4487-A3C0-2282185C51AD}"
EndProject
Project("{2150E333-8FDC-42A3-9474-1A3956D46DE8}") = "02.Common", "02.Common", "{D1420544-17C5-49FD-B3C7-0CDD223666D8}"
EndProject
Project("{2150E333-8FDC-42A3-9474-1A3956D46DE8}") = "03.SmartMES", "03.SmartMES", "{11DF94CC-AC54-4EC2-829D-06E399DE78D8}"
EndProject
Project("{2150E333-8FDC-42A3-9474-1A3956D46DE8}") = "99.Template", "99.Template", "{A76A10FA-3692-433A-94E0-D3230D1766FA}"
EndProject
Project("{FAE04EC0-301F-11D3-BF4B-00C04F79EFBC}") = "Micube.SmartMES.SystemManagement", "src\03.SmartMES\Micube.SmartMES.SystemManagement\Micube.SmartMES.SystemManagement.csproj", "{63600380-3D55-4340-9CE7-65787449247C}"
EndProject
Project("{FAE04EC0-301F-11D3-BF4B-00C04F79EFBC}") = "Micube.SmartMES.Template", "src\99.Template\Micube.SmartMES.Template\Micube.SmartMES.Template.csproj", "{4BB59218-9CB1-428B-8486-88AE5FC7D9D4}"
EndProject
Project("{FAE04EC0-301F-11D3-BF4B-00C04F79EFBC}") = "Micube.SmartMES.StandardInfo", "src\03.SmartMES\Micube.SmartMES.StandardInfo\Micube.SmartMES.StandardInfo.csproj", "{DBE1B4BA-8C0E-46CF-A801-AC3657CEB6D3}"
EndProject
Project("{FAE04EC0-301F-11D3-BF4B-00C04F79EFBC}") = "Micube.SmartMES.Quality", "src\03.SmartMES\Micube.SmartMES.Quality\Micube.SmartMES.Quality.csproj", "{9E13BD22-48D9-44AD-B1B9-6240F1AD1A2F}"
EndProject
Project("{FAE04EC0-301F-11D3-BF4B-00C04F79EFBC}") = "Micube.SmartMES.Production", "src\03.SmartMES\Micube.SmartMES.Production\Micube.SmartMES.Production.csproj", "{05B7CFD4-99F7-461D-9D93-62CB45A55FC5}"
EndProject
Project("{FAE04EC0-301F-11D3-BF4B-00C04F79EFBC}") = "Micube.SmartMES.Material", "src\03.SmartMES\Micube.SmartMES.Material\Micube.SmartMES.Material.csproj", "{038CE6D1-EF79-4EB8-85B3-2773A0E6EE18}"
EndProject
Project("{FAE04EC0-301F-11D3-BF4B-00C04F79EFBC}") = "Micube.SmartMES.Equipment", "src\03.SmartMES\Micube.SmartMES.Equipment\Micube.SmartMES.Equipment.csproj", "{30EB57FF-C264-4256-B53F-425D2D5CBE5B}"
EndProject
Project("{FAE04EC0-301F-11D3-BF4B-00C04F79EFBC}") = "SmartMES", "src\00.Main\SmartMES\SmartMES.csproj", "{909B9F14-78CC-47F4-9529-87CB3463B88C}"
EndProject
Project("{FAE04EC0-301F-11D3-BF4B-00C04F79EFBC}") = "Micube.SmartMES.Commons", "src\02.Common\Micube.SmartMES.Commons\Micube.SmartMES.Commons.csproj", "{1B6A2EB9-F134-49FC-80FA-982418D6490F}"
EndProject
Project("{FAE04EC0-301F-11D3-BF4B-00C04F79EFBC}") = "Micube.SmartMES.Commons.Controls", "src\02.Common\Micube.SmartMES.Commons.Controls\Micube.SmartMES.Commons.Controls.csproj", "{6C8616D8-4620-477E-A1AC-2A02A94D4984}"
EndProject
Project("{FAE04EC0-301F-11D3-BF4B-00C04F79EFBC}") = "Micube.SmartMES.Process", "src\03.SmartMES\Micube.SmartMES.Process\Micube.SmartMES.Process.csproj", "{AC71C943-8E9B-44EC-A792-2E674643ADCE}"
EndProject
Project("{FAE04EC0-301F-11D3-BF4B-00C04F79EFBC}") = "Micube.SmartMES.Status", "src\03.SmartMES\Micube.SmartMES.Status\Micube.SmartMES.Status.csproj", "{9956A51C-0812-40FF-827C-76AFEAD44A75}"
EndProject
Project("{FAE04EC0-301F-11D3-BF4B-00C04F79EFBC}") = "Micube.SmartMES.Lot", "src\03.SmartMES\Micube.SmartMES.Lot\Micube.SmartMES.Lot.csproj", "{3769F2D5-5189-412D-9B37-11CFE25AA5A7}"
EndProject
Project("{FAE04EC0-301F-11D3-BF4B-00C04F79EFBC}") = "Micube.SmartMES.DashBoard", "src\03.SmartMES\Micube.SmartMES.DashBoard\Micube.SmartMES.DashBoard.csproj", "{B5F381BE-2C84-4391-A445-B6342BC62B40}"
EndProject
Global
	GlobalSection(SolutionConfigurationPlatforms) = preSolution
		Debug|Any CPU = Debug|Any CPU
		Debug|x86 = Debug|x86
		Release|Any CPU = Release|Any CPU
		Release|x86 = Release|x86
	EndGlobalSection
	GlobalSection(ProjectConfigurationPlatforms) = postSolution
		{63600380-3D55-4340-9CE7-65787449247C}.Debug|Any CPU.ActiveCfg = Debug|Any CPU
		{63600380-3D55-4340-9CE7-65787449247C}.Debug|Any CPU.Build.0 = Debug|Any CPU
		{63600380-3D55-4340-9CE7-65787449247C}.Debug|x86.ActiveCfg = Debug|Any CPU
		{63600380-3D55-4340-9CE7-65787449247C}.Debug|x86.Build.0 = Debug|Any CPU
		{63600380-3D55-4340-9CE7-65787449247C}.Release|Any CPU.ActiveCfg = Release|Any CPU
		{63600380-3D55-4340-9CE7-65787449247C}.Release|Any CPU.Build.0 = Release|Any CPU
		{63600380-3D55-4340-9CE7-65787449247C}.Release|x86.ActiveCfg = Release|Any CPU
		{63600380-3D55-4340-9CE7-65787449247C}.Release|x86.Build.0 = Release|Any CPU
		{4BB59218-9CB1-428B-8486-88AE5FC7D9D4}.Debug|Any CPU.ActiveCfg = Debug|Any CPU
		{4BB59218-9CB1-428B-8486-88AE5FC7D9D4}.Debug|Any CPU.Build.0 = Debug|Any CPU
		{4BB59218-9CB1-428B-8486-88AE5FC7D9D4}.Debug|x86.ActiveCfg = Debug|Any CPU
		{4BB59218-9CB1-428B-8486-88AE5FC7D9D4}.Debug|x86.Build.0 = Debug|Any CPU
		{4BB59218-9CB1-428B-8486-88AE5FC7D9D4}.Release|Any CPU.ActiveCfg = Release|Any CPU
		{4BB59218-9CB1-428B-8486-88AE5FC7D9D4}.Release|Any CPU.Build.0 = Release|Any CPU
		{4BB59218-9CB1-428B-8486-88AE5FC7D9D4}.Release|x86.ActiveCfg = Release|Any CPU
		{4BB59218-9CB1-428B-8486-88AE5FC7D9D4}.Release|x86.Build.0 = Release|Any CPU
		{DBE1B4BA-8C0E-46CF-A801-AC3657CEB6D3}.Debug|Any CPU.ActiveCfg = Debug|Any CPU
		{DBE1B4BA-8C0E-46CF-A801-AC3657CEB6D3}.Debug|Any CPU.Build.0 = Debug|Any CPU
		{DBE1B4BA-8C0E-46CF-A801-AC3657CEB6D3}.Debug|x86.ActiveCfg = Debug|Any CPU
		{DBE1B4BA-8C0E-46CF-A801-AC3657CEB6D3}.Debug|x86.Build.0 = Debug|Any CPU
		{DBE1B4BA-8C0E-46CF-A801-AC3657CEB6D3}.Release|Any CPU.ActiveCfg = Release|Any CPU
		{DBE1B4BA-8C0E-46CF-A801-AC3657CEB6D3}.Release|Any CPU.Build.0 = Release|Any CPU
		{DBE1B4BA-8C0E-46CF-A801-AC3657CEB6D3}.Release|x86.ActiveCfg = Release|Any CPU
		{DBE1B4BA-8C0E-46CF-A801-AC3657CEB6D3}.Release|x86.Build.0 = Release|Any CPU
		{9E13BD22-48D9-44AD-B1B9-6240F1AD1A2F}.Debug|Any CPU.ActiveCfg = Debug|Any CPU
		{9E13BD22-48D9-44AD-B1B9-6240F1AD1A2F}.Debug|Any CPU.Build.0 = Debug|Any CPU
		{9E13BD22-48D9-44AD-B1B9-6240F1AD1A2F}.Debug|x86.ActiveCfg = Debug|Any CPU
		{9E13BD22-48D9-44AD-B1B9-6240F1AD1A2F}.Debug|x86.Build.0 = Debug|Any CPU
		{9E13BD22-48D9-44AD-B1B9-6240F1AD1A2F}.Release|Any CPU.ActiveCfg = Release|Any CPU
		{9E13BD22-48D9-44AD-B1B9-6240F1AD1A2F}.Release|Any CPU.Build.0 = Release|Any CPU
		{9E13BD22-48D9-44AD-B1B9-6240F1AD1A2F}.Release|x86.ActiveCfg = Release|Any CPU
		{9E13BD22-48D9-44AD-B1B9-6240F1AD1A2F}.Release|x86.Build.0 = Release|Any CPU
		{05B7CFD4-99F7-461D-9D93-62CB45A55FC5}.Debug|Any CPU.ActiveCfg = Debug|Any CPU
		{05B7CFD4-99F7-461D-9D93-62CB45A55FC5}.Debug|Any CPU.Build.0 = Debug|Any CPU
		{05B7CFD4-99F7-461D-9D93-62CB45A55FC5}.Debug|x86.ActiveCfg = Debug|Any CPU
		{05B7CFD4-99F7-461D-9D93-62CB45A55FC5}.Debug|x86.Build.0 = Debug|Any CPU
		{05B7CFD4-99F7-461D-9D93-62CB45A55FC5}.Release|Any CPU.ActiveCfg = Release|Any CPU
		{05B7CFD4-99F7-461D-9D93-62CB45A55FC5}.Release|Any CPU.Build.0 = Release|Any CPU
		{05B7CFD4-99F7-461D-9D93-62CB45A55FC5}.Release|x86.ActiveCfg = Release|Any CPU
		{05B7CFD4-99F7-461D-9D93-62CB45A55FC5}.Release|x86.Build.0 = Release|Any CPU
		{038CE6D1-EF79-4EB8-85B3-2773A0E6EE18}.Debug|Any CPU.ActiveCfg = Debug|Any CPU
		{038CE6D1-EF79-4EB8-85B3-2773A0E6EE18}.Debug|Any CPU.Build.0 = Debug|Any CPU
		{038CE6D1-EF79-4EB8-85B3-2773A0E6EE18}.Debug|x86.ActiveCfg = Debug|Any CPU
		{038CE6D1-EF79-4EB8-85B3-2773A0E6EE18}.Debug|x86.Build.0 = Debug|Any CPU
		{038CE6D1-EF79-4EB8-85B3-2773A0E6EE18}.Release|Any CPU.ActiveCfg = Release|Any CPU
		{038CE6D1-EF79-4EB8-85B3-2773A0E6EE18}.Release|Any CPU.Build.0 = Release|Any CPU
		{038CE6D1-EF79-4EB8-85B3-2773A0E6EE18}.Release|x86.ActiveCfg = Release|Any CPU
		{038CE6D1-EF79-4EB8-85B3-2773A0E6EE18}.Release|x86.Build.0 = Release|Any CPU
		{30EB57FF-C264-4256-B53F-425D2D5CBE5B}.Debug|Any CPU.ActiveCfg = Debug|Any CPU
		{30EB57FF-C264-4256-B53F-425D2D5CBE5B}.Debug|Any CPU.Build.0 = Debug|Any CPU
		{30EB57FF-C264-4256-B53F-425D2D5CBE5B}.Debug|x86.ActiveCfg = Debug|Any CPU
		{30EB57FF-C264-4256-B53F-425D2D5CBE5B}.Debug|x86.Build.0 = Debug|Any CPU
		{30EB57FF-C264-4256-B53F-425D2D5CBE5B}.Release|Any CPU.ActiveCfg = Release|Any CPU
		{30EB57FF-C264-4256-B53F-425D2D5CBE5B}.Release|Any CPU.Build.0 = Release|Any CPU
		{30EB57FF-C264-4256-B53F-425D2D5CBE5B}.Release|x86.ActiveCfg = Release|Any CPU
		{30EB57FF-C264-4256-B53F-425D2D5CBE5B}.Release|x86.Build.0 = Release|Any CPU
		{909B9F14-78CC-47F4-9529-87CB3463B88C}.Debug|Any CPU.ActiveCfg = Debug|Any CPU
		{909B9F14-78CC-47F4-9529-87CB3463B88C}.Debug|Any CPU.Build.0 = Debug|Any CPU
		{909B9F14-78CC-47F4-9529-87CB3463B88C}.Debug|x86.ActiveCfg = Debug|Any CPU
		{909B9F14-78CC-47F4-9529-87CB3463B88C}.Debug|x86.Build.0 = Debug|Any CPU
		{909B9F14-78CC-47F4-9529-87CB3463B88C}.Release|Any CPU.ActiveCfg = Release|Any CPU
		{909B9F14-78CC-47F4-9529-87CB3463B88C}.Release|Any CPU.Build.0 = Release|Any CPU
		{909B9F14-78CC-47F4-9529-87CB3463B88C}.Release|x86.ActiveCfg = Release|Any CPU
		{909B9F14-78CC-47F4-9529-87CB3463B88C}.Release|x86.Build.0 = Release|Any CPU
		{1B6A2EB9-F134-49FC-80FA-982418D6490F}.Debug|Any CPU.ActiveCfg = Debug|Any CPU
		{1B6A2EB9-F134-49FC-80FA-982418D6490F}.Debug|Any CPU.Build.0 = Debug|Any CPU
		{1B6A2EB9-F134-49FC-80FA-982418D6490F}.Debug|x86.ActiveCfg = Debug|Any CPU
		{1B6A2EB9-F134-49FC-80FA-982418D6490F}.Debug|x86.Build.0 = Debug|Any CPU
		{1B6A2EB9-F134-49FC-80FA-982418D6490F}.Release|Any CPU.ActiveCfg = Release|Any CPU
		{1B6A2EB9-F134-49FC-80FA-982418D6490F}.Release|Any CPU.Build.0 = Release|Any CPU
		{1B6A2EB9-F134-49FC-80FA-982418D6490F}.Release|x86.ActiveCfg = Release|Any CPU
		{1B6A2EB9-F134-49FC-80FA-982418D6490F}.Release|x86.Build.0 = Release|Any CPU
		{6C8616D8-4620-477E-A1AC-2A02A94D4984}.Debug|Any CPU.ActiveCfg = Debug|Any CPU
		{6C8616D8-4620-477E-A1AC-2A02A94D4984}.Debug|Any CPU.Build.0 = Debug|Any CPU
		{6C8616D8-4620-477E-A1AC-2A02A94D4984}.Debug|x86.ActiveCfg = Debug|Any CPU
		{6C8616D8-4620-477E-A1AC-2A02A94D4984}.Debug|x86.Build.0 = Debug|Any CPU
		{6C8616D8-4620-477E-A1AC-2A02A94D4984}.Release|Any CPU.ActiveCfg = Release|Any CPU
		{6C8616D8-4620-477E-A1AC-2A02A94D4984}.Release|Any CPU.Build.0 = Release|Any CPU
		{6C8616D8-4620-477E-A1AC-2A02A94D4984}.Release|x86.ActiveCfg = Release|Any CPU
		{6C8616D8-4620-477E-A1AC-2A02A94D4984}.Release|x86.Build.0 = Release|Any CPU
		{AC71C943-8E9B-44EC-A792-2E674643ADCE}.Debug|Any CPU.ActiveCfg = Debug|Any CPU
		{AC71C943-8E9B-44EC-A792-2E674643ADCE}.Debug|Any CPU.Build.0 = Debug|Any CPU
		{AC71C943-8E9B-44EC-A792-2E674643ADCE}.Debug|x86.ActiveCfg = Debug|Any CPU
		{AC71C943-8E9B-44EC-A792-2E674643ADCE}.Debug|x86.Build.0 = Debug|Any CPU
		{AC71C943-8E9B-44EC-A792-2E674643ADCE}.Release|Any CPU.ActiveCfg = Release|Any CPU
		{AC71C943-8E9B-44EC-A792-2E674643ADCE}.Release|Any CPU.Build.0 = Release|Any CPU
		{AC71C943-8E9B-44EC-A792-2E674643ADCE}.Release|x86.ActiveCfg = Release|Any CPU
		{AC71C943-8E9B-44EC-A792-2E674643ADCE}.Release|x86.Build.0 = Release|Any CPU
		{9956A51C-0812-40FF-827C-76AFEAD44A75}.Debug|Any CPU.ActiveCfg = Debug|Any CPU
		{9956A51C-0812-40FF-827C-76AFEAD44A75}.Debug|Any CPU.Build.0 = Debug|Any CPU
		{9956A51C-0812-40FF-827C-76AFEAD44A75}.Debug|x86.ActiveCfg = Debug|Any CPU
		{9956A51C-0812-40FF-827C-76AFEAD44A75}.Debug|x86.Build.0 = Debug|Any CPU
		{9956A51C-0812-40FF-827C-76AFEAD44A75}.Release|Any CPU.ActiveCfg = Release|Any CPU
		{9956A51C-0812-40FF-827C-76AFEAD44A75}.Release|Any CPU.Build.0 = Release|Any CPU
		{9956A51C-0812-40FF-827C-76AFEAD44A75}.Release|x86.ActiveCfg = Release|Any CPU
		{9956A51C-0812-40FF-827C-76AFEAD44A75}.Release|x86.Build.0 = Release|Any CPU
		{3769F2D5-5189-412D-9B37-11CFE25AA5A7}.Debug|Any CPU.ActiveCfg = Debug|Any CPU
		{3769F2D5-5189-412D-9B37-11CFE25AA5A7}.Debug|Any CPU.Build.0 = Debug|Any CPU
		{3769F2D5-5189-412D-9B37-11CFE25AA5A7}.Debug|x86.ActiveCfg = Debug|Any CPU
		{3769F2D5-5189-412D-9B37-11CFE25AA5A7}.Debug|x86.Build.0 = Debug|Any CPU
		{3769F2D5-5189-412D-9B37-11CFE25AA5A7}.Release|Any CPU.ActiveCfg = Release|Any CPU
		{3769F2D5-5189-412D-9B37-11CFE25AA5A7}.Release|Any CPU.Build.0 = Release|Any CPU
		{3769F2D5-5189-412D-9B37-11CFE25AA5A7}.Release|x86.ActiveCfg = Release|Any CPU
		{3769F2D5-5189-412D-9B37-11CFE25AA5A7}.Release|x86.Build.0 = Release|Any CPU
		{B5F381BE-2C84-4391-A445-B6342BC62B40}.Debug|Any CPU.ActiveCfg = Debug|Any CPU
		{B5F381BE-2C84-4391-A445-B6342BC62B40}.Debug|Any CPU.Build.0 = Debug|Any CPU
		{B5F381BE-2C84-4391-A445-B6342BC62B40}.Debug|x86.ActiveCfg = Debug|Any CPU
		{B5F381BE-2C84-4391-A445-B6342BC62B40}.Debug|x86.Build.0 = Debug|Any CPU
		{B5F381BE-2C84-4391-A445-B6342BC62B40}.Release|Any CPU.ActiveCfg = Release|Any CPU
		{B5F381BE-2C84-4391-A445-B6342BC62B40}.Release|Any CPU.Build.0 = Release|Any CPU
		{B5F381BE-2C84-4391-A445-B6342BC62B40}.Release|x86.ActiveCfg = Release|Any CPU
		{B5F381BE-2C84-4391-A445-B6342BC62B40}.Release|x86.Build.0 = Release|Any CPU
	EndGlobalSection
	GlobalSection(SolutionProperties) = preSolution
		HideSolutionNode = FALSE
	EndGlobalSection
	GlobalSection(NestedProjects) = preSolution
		{63600380-3D55-4340-9CE7-65787449247C} = {11DF94CC-AC54-4EC2-829D-06E399DE78D8}
		{4BB59218-9CB1-428B-8486-88AE5FC7D9D4} = {A76A10FA-3692-433A-94E0-D3230D1766FA}
		{DBE1B4BA-8C0E-46CF-A801-AC3657CEB6D3} = {11DF94CC-AC54-4EC2-829D-06E399DE78D8}
		{9E13BD22-48D9-44AD-B1B9-6240F1AD1A2F} = {11DF94CC-AC54-4EC2-829D-06E399DE78D8}
		{05B7CFD4-99F7-461D-9D93-62CB45A55FC5} = {11DF94CC-AC54-4EC2-829D-06E399DE78D8}
		{038CE6D1-EF79-4EB8-85B3-2773A0E6EE18} = {11DF94CC-AC54-4EC2-829D-06E399DE78D8}
		{30EB57FF-C264-4256-B53F-425D2D5CBE5B} = {11DF94CC-AC54-4EC2-829D-06E399DE78D8}
		{909B9F14-78CC-47F4-9529-87CB3463B88C} = {BC787A0E-4CBE-4487-A3C0-2282185C51AD}
		{1B6A2EB9-F134-49FC-80FA-982418D6490F} = {D1420544-17C5-49FD-B3C7-0CDD223666D8}
		{6C8616D8-4620-477E-A1AC-2A02A94D4984} = {D1420544-17C5-49FD-B3C7-0CDD223666D8}
		{AC71C943-8E9B-44EC-A792-2E674643ADCE} = {11DF94CC-AC54-4EC2-829D-06E399DE78D8}
		{9956A51C-0812-40FF-827C-76AFEAD44A75} = {11DF94CC-AC54-4EC2-829D-06E399DE78D8}
		{3769F2D5-5189-412D-9B37-11CFE25AA5A7} = {11DF94CC-AC54-4EC2-829D-06E399DE78D8}
		{B5F381BE-2C84-4391-A445-B6342BC62B40} = {11DF94CC-AC54-4EC2-829D-06E399DE78D8}
	EndGlobalSection
	GlobalSection(ExtensibilityGlobals) = postSolution
		VisualSVNWorkingCopyRoot = .
		SolutionGuid = {6409F180-F235-4F26-9994-EA9707382EF2}
	EndGlobalSection
	GlobalSection(SubversionScc) = preSolution
		Svn-Managed = True
		Manager = AnkhSVN2019 - Subversion Support for Visual Studio
	EndGlobalSection
EndGlobal
